// !$*UTF8*$!
{
	archiveVersion = 1;
	classes = {
	};
	objectVersion = 56;
	objects = {

/* Begin PBXBuildFile section */
		405BA7F82A5B17870001FE4E /* LoginScreen.swift in Sources */ = {isa = PBXBuildFile; fileRef = 405BA7F72A5B17870001FE4E /* LoginScreen.swift */; };
		405E38E82A5B0BAD003935AF /* marimba1.wav in Resources */ = {isa = PBXBuildFile; fileRef = 405E38E72A5B0BAD003935AF /* marimba1.wav */; };
		405E38EB2A5B13C6003935AF /* TogglApi in Frameworks */ = {isa = PBXBuildFile; productRef = 405E38EA2A5B13C6003935AF /* TogglApi */; };
		40A1C61C2A5A27A9005D61A5 /* MultiplatformSampleApp.swift in Sources */ = {isa = PBXBuildFile; fileRef = 40A1C61B2A5A27A9005D61A5 /* MultiplatformSampleApp.swift */; };
		40A1C6202A5A27AA005D61A5 /* Assets.xcassets in Resources */ = {isa = PBXBuildFile; fileRef = 40A1C61F2A5A27AA005D61A5 /* Assets.xcassets */; };
		40A1C6242A5A27AA005D61A5 /* Preview Assets.xcassets in Resources */ = {isa = PBXBuildFile; fileRef = 40A1C6232A5A27AA005D61A5 /* Preview Assets.xcassets */; };
		40A1C6292A5A27BA005D61A5 /* TiempoUI in Frameworks */ = {isa = PBXBuildFile; productRef = 40A1C6282A5A27BA005D61A5 /* TiempoUI */; };
/* End PBXBuildFile section */

/* Begin PBXFileReference section */
		405BA7F72A5B17870001FE4E /* LoginScreen.swift */ = {isa = PBXFileReference; lastKnownFileType = sourcecode.swift; path = LoginScreen.swift; sourceTree = "<group>"; };
		405E38E72A5B0BAD003935AF /* marimba1.wav */ = {isa = PBXFileReference; lastKnownFileType = audio.wav; path = marimba1.wav; sourceTree = "<group>"; };
		405E38E92A5B13BC003935AF /* TogglApi */ = {isa = PBXFileReference; lastKnownFileType = wrapper; name = TogglApi; path = ../../TogglApi; sourceTree = "<group>"; };
		40A1C5C32A59DA4F005D61A5 /* TiempoUI */ = {isa = PBXFileReference; lastKnownFileType = wrapper; name = TiempoUI; path = ..; sourceTree = "<group>"; };
		40A1C6192A5A27A9005D61A5 /* MultiplatformSample.app */ = {isa = PBXFileReference; explicitFileType = wrapper.application; includeInIndex = 0; path = MultiplatformSample.app; sourceTree = BUILT_PRODUCTS_DIR; };
		40A1C61B2A5A27A9005D61A5 /* MultiplatformSampleApp.swift */ = {isa = PBXFileReference; lastKnownFileType = sourcecode.swift; path = MultiplatformSampleApp.swift; sourceTree = "<group>"; };
		40A1C61F2A5A27AA005D61A5 /* Assets.xcassets */ = {isa = PBXFileReference; lastKnownFileType = folder.assetcatalog; path = Assets.xcassets; sourceTree = "<group>"; };
		40A1C6212A5A27AA005D61A5 /* MultiplatformSample.entitlements */ = {isa = PBXFileReference; lastKnownFileType = text.plist.entitlements; path = MultiplatformSample.entitlements; sourceTree = "<group>"; };
		40A1C6232A5A27AA005D61A5 /* Preview Assets.xcassets */ = {isa = PBXFileReference; lastKnownFileType = folder.assetcatalog; path = "Preview Assets.xcassets"; sourceTree = "<group>"; };
/* End PBXFileReference section */

/* Begin PBXFrameworksBuildPhase section */
		40A1C6162A5A27A9005D61A5 /* Frameworks */ = {
			isa = PBXFrameworksBuildPhase;
			buildActionMask = 2147483647;
			files = (
				40A1C6292A5A27BA005D61A5 /* TiempoUI in Frameworks */,
				405E38EB2A5B13C6003935AF /* TogglApi in Frameworks */,
			);
			runOnlyForDeploymentPostprocessing = 0;
		};
/* End PBXFrameworksBuildPhase section */

/* Begin PBXGroup section */
		40A1C5A82A59DA3A005D61A5 = {
			isa = PBXGroup;
			children = (
				405E38E92A5B13BC003935AF /* TogglApi */,
				40A1C5C32A59DA4F005D61A5 /* TiempoUI */,
				40A1C61A2A5A27A9005D61A5 /* MultiplatformSample */,
				40A1C5B22A59DA3A005D61A5 /* Products */,
				40A1C5C42A59DA59005D61A5 /* Frameworks */,
			);
			sourceTree = "<group>";
		};
		40A1C5B22A59DA3A005D61A5 /* Products */ = {
			isa = PBXGroup;
			children = (
				40A1C6192A5A27A9005D61A5 /* MultiplatformSample.app */,
			);
			name = Products;
			sourceTree = "<group>";
		};
		40A1C5C42A59DA59005D61A5 /* Frameworks */ = {
			isa = PBXGroup;
			children = (
			);
			name = Frameworks;
			sourceTree = "<group>";
		};
		40A1C61A2A5A27A9005D61A5 /* MultiplatformSample */ = {
			isa = PBXGroup;
			children = (
				405E38E72A5B0BAD003935AF /* marimba1.wav */,
				40A1C61B2A5A27A9005D61A5 /* MultiplatformSampleApp.swift */,
				40A1C61F2A5A27AA005D61A5 /* Assets.xcassets */,
				40A1C6212A5A27AA005D61A5 /* MultiplatformSample.entitlements */,
				40A1C6222A5A27AA005D61A5 /* Preview Content */,
				405BA7F72A5B17870001FE4E /* LoginScreen.swift */,
			);
			path = MultiplatformSample;
			sourceTree = "<group>";
		};
		40A1C6222A5A27AA005D61A5 /* Preview Content */ = {
			isa = PBXGroup;
			children = (
				40A1C6232A5A27AA005D61A5 /* Preview Assets.xcassets */,
			);
			path = "Preview Content";
			sourceTree = "<group>";
		};
/* End PBXGroup section */

/* Begin PBXNativeTarget section */
		40A1C6182A5A27A9005D61A5 /* MultiplatformSample */ = {
			isa = PBXNativeTarget;
			buildConfigurationList = 40A1C6252A5A27AA005D61A5 /* Build configuration list for PBXNativeTarget "MultiplatformSample" */;
			buildPhases = (
				40A1C6152A5A27A9005D61A5 /* Sources */,
				40A1C6162A5A27A9005D61A5 /* Frameworks */,
				40A1C6172A5A27A9005D61A5 /* Resources */,
			);
			buildRules = (
			);
			dependencies = (
			);
			name = MultiplatformSample;
			packageProductDependencies = (
				40A1C6282A5A27BA005D61A5 /* TiempoUI */,
				405E38EA2A5B13C6003935AF /* TogglApi */,
			);
			productName = MultiplatformSample;
			productReference = 40A1C6192A5A27A9005D61A5 /* MultiplatformSample.app */;
			productType = "com.apple.product-type.application";
		};
/* End PBXNativeTarget section */

/* Begin PBXProject section */
		40A1C5A92A59DA3A005D61A5 /* Project object */ = {
			isa = PBXProject;
			attributes = {
				BuildIndependentTargetsInParallel = 1;
				LastSwiftUpdateCheck = 1420;
				LastUpgradeCheck = 1420;
				TargetAttributes = {
					40A1C6182A5A27A9005D61A5 = {
						CreatedOnToolsVersion = 14.2;
					};
				};
			};
			buildConfigurationList = 40A1C5AC2A59DA3A005D61A5 /* Build configuration list for PBXProject "Sample" */;
			compatibilityVersion = "Xcode 14.0";
			developmentRegion = en;
			hasScannedForEncodings = 0;
			knownRegions = (
				en,
				Base,
			);
			mainGroup = 40A1C5A82A59DA3A005D61A5;
			productRefGroup = 40A1C5B22A59DA3A005D61A5 /* Products */;
			projectDirPath = "";
			projectRoot = "";
			targets = (
				40A1C6182A5A27A9005D61A5 /* MultiplatformSample */,
			);
		};
/* End PBXProject section */

/* Begin PBXResourcesBuildPhase section */
		40A1C6172A5A27A9005D61A5 /* Resources */ = {
			isa = PBXResourcesBuildPhase;
			buildActionMask = 2147483647;
			files = (
				40A1C6242A5A27AA005D61A5 /* Preview Assets.xcassets in Resources */,
				40A1C6202A5A27AA005D61A5 /* Assets.xcassets in Resources */,
				405E38E82A5B0BAD003935AF /* marimba1.wav in Resources */,
			);
			runOnlyForDeploymentPostprocessing = 0;
		};
/* End PBXResourcesBuildPhase section */

/* Begin PBXSourcesBuildPhase section */
		40A1C6152A5A27A9005D61A5 /* Sources */ = {
			isa = PBXSourcesBuildPhase;
			buildActionMask = 2147483647;
			files = (
				40A1C61C2A5A27A9005D61A5 /* MultiplatformSampleApp.swift in Sources */,
				405BA7F82A5B17870001FE4E /* LoginScreen.swift in Sources */,
			);
			runOnlyForDeploymentPostprocessing = 0;
		};
/* End PBXSourcesBuildPhase section */

/* Begin XCBuildConfiguration section */
		40A1C5BE2A59DA3B005D61A5 /* Debug */ = {
			isa = XCBuildConfiguration;
			buildSettings = {
				ALWAYS_SEARCH_USER_PATHS = NO;
				CLANG_ANALYZER_NONNULL = YES;
				CLANG_ANALYZER_NUMBER_OBJECT_CONVERSION = YES_AGGRESSIVE;
				CLANG_CXX_LANGUAGE_STANDARD = "gnu++20";
				CLANG_ENABLE_MODULES = YES;
				CLANG_ENABLE_OBJC_ARC = YES;
				CLANG_ENABLE_OBJC_WEAK = YES;
				CLANG_WARN_BLOCK_CAPTURE_AUTORELEASING = YES;
				CLANG_WARN_BOOL_CONVERSION = YES;
				CLANG_WARN_COMMA = YES;
				CLANG_WARN_CONSTANT_CONVERSION = YES;
				CLANG_WARN_DEPRECATED_OBJC_IMPLEMENTATIONS = YES;
				CLANG_WARN_DIRECT_OBJC_ISA_USAGE = YES_ERROR;
				CLANG_WARN_DOCUMENTATION_COMMENTS = YES;
				CLANG_WARN_EMPTY_BODY = YES;
				CLANG_WARN_ENUM_CONVERSION = YES;
				CLANG_WARN_INFINITE_RECURSION = YES;
				CLANG_WARN_INT_CONVERSION = YES;
				CLANG_WARN_NON_LITERAL_NULL_CONVERSION = YES;
				CLANG_WARN_OBJC_IMPLICIT_RETAIN_SELF = YES;
				CLANG_WARN_OBJC_LITERAL_CONVERSION = YES;
				CLANG_WARN_OBJC_ROOT_CLASS = YES_ERROR;
				CLANG_WARN_QUOTED_INCLUDE_IN_FRAMEWORK_HEADER = YES;
				CLANG_WARN_RANGE_LOOP_ANALYSIS = YES;
				CLANG_WARN_STRICT_PROTOTYPES = YES;
				CLANG_WARN_SUSPICIOUS_MOVE = YES;
				CLANG_WARN_UNGUARDED_AVAILABILITY = YES_AGGRESSIVE;
				CLANG_WARN_UNREACHABLE_CODE = YES;
				CLANG_WARN__DUPLICATE_METHOD_MATCH = YES;
				COPY_PHASE_STRIP = NO;
				DEBUG_INFORMATION_FORMAT = dwarf;
				ENABLE_STRICT_OBJC_MSGSEND = YES;
				ENABLE_TESTABILITY = YES;
				GCC_C_LANGUAGE_STANDARD = gnu11;
				GCC_DYNAMIC_NO_PIC = NO;
				GCC_NO_COMMON_BLOCKS = YES;
				GCC_OPTIMIZATION_LEVEL = 0;
				GCC_PREPROCESSOR_DEFINITIONS = (
					"DEBUG=1",
					"$(inherited)",
				);
				GCC_WARN_64_TO_32_BIT_CONVERSION = YES;
				GCC_WARN_ABOUT_RETURN_TYPE = YES_ERROR;
				GCC_WARN_UNDECLARED_SELECTOR = YES;
				GCC_WARN_UNINITIALIZED_AUTOS = YES_AGGRESSIVE;
				GCC_WARN_UNUSED_FUNCTION = YES;
				GCC_WARN_UNUSED_VARIABLE = YES;
				MACOSX_DEPLOYMENT_TARGET = 13.0;
				MTL_ENABLE_DEBUG_INFO = INCLUDE_SOURCE;
				MTL_FAST_MATH = YES;
				ONLY_ACTIVE_ARCH = YES;
				SDKROOT = macosx;
				SWIFT_ACTIVE_COMPILATION_CONDITIONS = DEBUG;
				SWIFT_OPTIMIZATION_LEVEL = "-Onone";
			};
			name = Debug;
		};
		40A1C5BF2A59DA3B005D61A5 /* Release */ = {
			isa = XCBuildConfiguration;
			buildSettings = {
				ALWAYS_SEARCH_USER_PATHS = NO;
				CLANG_ANALYZER_NONNULL = YES;
				CLANG_ANALYZER_NUMBER_OBJECT_CONVERSION = YES_AGGRESSIVE;
				CLANG_CXX_LANGUAGE_STANDARD = "gnu++20";
				CLANG_ENABLE_MODULES = YES;
				CLANG_ENABLE_OBJC_ARC = YES;
				CLANG_ENABLE_OBJC_WEAK = YES;
				CLANG_WARN_BLOCK_CAPTURE_AUTORELEASING = YES;
				CLANG_WARN_BOOL_CONVERSION = YES;
				CLANG_WARN_COMMA = YES;
				CLANG_WARN_CONSTANT_CONVERSION = YES;
				CLANG_WARN_DEPRECATED_OBJC_IMPLEMENTATIONS = YES;
				CLANG_WARN_DIRECT_OBJC_ISA_USAGE = YES_ERROR;
				CLANG_WARN_DOCUMENTATION_COMMENTS = YES;
				CLANG_WARN_EMPTY_BODY = YES;
				CLANG_WARN_ENUM_CONVERSION = YES;
				CLANG_WARN_INFINITE_RECURSION = YES;
				CLANG_WARN_INT_CONVERSION = YES;
				CLANG_WARN_NON_LITERAL_NULL_CONVERSION = YES;
				CLANG_WARN_OBJC_IMPLICIT_RETAIN_SELF = YES;
				CLANG_WARN_OBJC_LITERAL_CONVERSION = YES;
				CLANG_WARN_OBJC_ROOT_CLASS = YES_ERROR;
				CLANG_WARN_QUOTED_INCLUDE_IN_FRAMEWORK_HEADER = YES;
				CLANG_WARN_RANGE_LOOP_ANALYSIS = YES;
				CLANG_WARN_STRICT_PROTOTYPES = YES;
				CLANG_WARN_SUSPICIOUS_MOVE = YES;
				CLANG_WARN_UNGUARDED_AVAILABILITY = YES_AGGRESSIVE;
				CLANG_WARN_UNREACHABLE_CODE = YES;
				CLANG_WARN__DUPLICATE_METHOD_MATCH = YES;
				COPY_PHASE_STRIP = NO;
				DEBUG_INFORMATION_FORMAT = "dwarf-with-dsym";
				ENABLE_NS_ASSERTIONS = NO;
				ENABLE_STRICT_OBJC_MSGSEND = YES;
				GCC_C_LANGUAGE_STANDARD = gnu11;
				GCC_NO_COMMON_BLOCKS = YES;
				GCC_WARN_64_TO_32_BIT_CONVERSION = YES;
				GCC_WARN_ABOUT_RETURN_TYPE = YES_ERROR;
				GCC_WARN_UNDECLARED_SELECTOR = YES;
				GCC_WARN_UNINITIALIZED_AUTOS = YES_AGGRESSIVE;
				GCC_WARN_UNUSED_FUNCTION = YES;
				GCC_WARN_UNUSED_VARIABLE = YES;
				MACOSX_DEPLOYMENT_TARGET = 13.0;
				MTL_ENABLE_DEBUG_INFO = NO;
				MTL_FAST_MATH = YES;
				SDKROOT = macosx;
				SWIFT_COMPILATION_MODE = wholemodule;
				SWIFT_OPTIMIZATION_LEVEL = "-O";
			};
			name = Release;
		};
		40A1C6262A5A27AA005D61A5 /* Debug */ = {
			isa = XCBuildConfiguration;
			buildSettings = {
				ASSETCATALOG_COMPILER_APPICON_NAME = AppIcon;
				ASSETCATALOG_COMPILER_GLOBAL_ACCENT_COLOR_NAME = AccentColor;
				CODE_SIGN_ENTITLEMENTS = MultiplatformSample/MultiplatformSample.entitlements;
				CODE_SIGN_STYLE = Automatic;
				CURRENT_PROJECT_VERSION = 1;
				DEVELOPMENT_ASSET_PATHS = "\"MultiplatformSample/Preview Content\"";
				DEVELOPMENT_TEAM = V73WZ9Y4HH;
				ENABLE_HARDENED_RUNTIME = YES;
				ENABLE_PREVIEWS = YES;
				GENERATE_INFOPLIST_FILE = YES;
				"INFOPLIST_KEY_UIApplicationSceneManifest_Generation[sdk=iphoneos*]" = YES;
				"INFOPLIST_KEY_UIApplicationSceneManifest_Generation[sdk=iphonesimulator*]" = YES;
				"INFOPLIST_KEY_UIApplicationSupportsIndirectInputEvents[sdk=iphoneos*]" = YES;
				"INFOPLIST_KEY_UIApplicationSupportsIndirectInputEvents[sdk=iphonesimulator*]" = YES;
				"INFOPLIST_KEY_UILaunchScreen_Generation[sdk=iphoneos*]" = YES;
				"INFOPLIST_KEY_UILaunchScreen_Generation[sdk=iphonesimulator*]" = YES;
				"INFOPLIST_KEY_UIStatusBarStyle[sdk=iphoneos*]" = UIStatusBarStyleDefault;
				"INFOPLIST_KEY_UIStatusBarStyle[sdk=iphonesimulator*]" = UIStatusBarStyleDefault;
				INFOPLIST_KEY_UISupportedInterfaceOrientations_iPad = "UIInterfaceOrientationPortrait UIInterfaceOrientationPortraitUpsideDown UIInterfaceOrientationLandscapeLeft UIInterfaceOrientationLandscapeRight";
				INFOPLIST_KEY_UISupportedInterfaceOrientations_iPhone = "UIInterfaceOrientationPortrait UIInterfaceOrientationLandscapeLeft UIInterfaceOrientationLandscapeRight";
				IPHONEOS_DEPLOYMENT_TARGET = 15.0;
				LD_RUNPATH_SEARCH_PATHS = "@executable_path/Frameworks";
				"LD_RUNPATH_SEARCH_PATHS[sdk=macosx*]" = "@executable_path/../Frameworks";
				MACOSX_DEPLOYMENT_TARGET = 13.0;
				MARKETING_VERSION = 1.0;
				PRODUCT_BUNDLE_IDENTIFIER = lat.cristian.MultiplatformSample;
				PRODUCT_NAME = "$(TARGET_NAME)";
				SDKROOT = auto;
				SUPPORTED_PLATFORMS = "iphoneos iphonesimulator macosx";
				SWIFT_EMIT_LOC_STRINGS = YES;
				SWIFT_VERSION = 5.0;
				TARGETED_DEVICE_FAMILY = "1,2";
			};
			name = Debug;
		};
		40A1C6272A5A27AA005D61A5 /* Release */ = {
			isa = XCBuildConfiguration;
			buildSettings = {
				ASSETCATALOG_COMPILER_APPICON_NAME = AppIcon;
				ASSETCATALOG_COMPILER_GLOBAL_ACCENT_COLOR_NAME = AccentColor;
				CODE_SIGN_ENTITLEMENTS = MultiplatformSample/MultiplatformSample.entitlements;
				CODE_SIGN_STYLE = Automatic;
				CURRENT_PROJECT_VERSION = 1;
				DEVELOPMENT_ASSET_PATHS = "\"MultiplatformSample/Preview Content\"";
				DEVELOPMENT_TEAM = V73WZ9Y4HH;
				ENABLE_HARDENED_RUNTIME = YES;
				ENABLE_PREVIEWS = YES;
				GENERATE_INFOPLIST_FILE = YES;
				"INFOPLIST_KEY_UIApplicationSceneManifest_Generation[sdk=iphoneos*]" = YES;
				"INFOPLIST_KEY_UIApplicationSceneManifest_Generation[sdk=iphonesimulator*]" = YES;
				"INFOPLIST_KEY_UIApplicationSupportsIndirectInputEvents[sdk=iphoneos*]" = YES;
				"INFOPLIST_KEY_UIApplicationSupportsIndirectInputEvents[sdk=iphonesimulator*]" = YES;
				"INFOPLIST_KEY_UILaunchScreen_Generation[sdk=iphoneos*]" = YES;
				"INFOPLIST_KEY_UILaunchScreen_Generation[sdk=iphonesimulator*]" = YES;
				"INFOPLIST_KEY_UIStatusBarStyle[sdk=iphoneos*]" = UIStatusBarStyleDefault;
				"INFOPLIST_KEY_UIStatusBarStyle[sdk=iphonesimulator*]" = UIStatusBarStyleDefault;
				INFOPLIST_KEY_UISupportedInterfaceOrientations_iPad = "UIInterfaceOrientationPortrait UIInterfaceOrientationPortraitUpsideDown UIInterfaceOrientationLandscapeLeft UIInterfaceOrientationLandscapeRight";
				INFOPLIST_KEY_UISupportedInterfaceOrientations_iPhone = "UIInterfaceOrientationPortrait UIInterfaceOrientationLandscapeLeft UIInterfaceOrientationLandscapeRight";
				IPHONEOS_DEPLOYMENT_TARGET = 15.0;
				LD_RUNPATH_SEARCH_PATHS = "@executable_path/Frameworks";
				"LD_RUNPATH_SEARCH_PATHS[sdk=macosx*]" = "@executable_path/../Frameworks";
				MACOSX_DEPLOYMENT_TARGET = 13.0;
				MARKETING_VERSION = 1.0;
				PRODUCT_BUNDLE_IDENTIFIER = lat.cristian.MultiplatformSample;
				PRODUCT_NAME = "$(TARGET_NAME)";
				SDKROOT = auto;
				SUPPORTED_PLATFORMS = "iphoneos iphonesimulator macosx";
				SWIFT_EMIT_LOC_STRINGS = YES;
				SWIFT_VERSION = 5.0;
				TARGETED_DEVICE_FAMILY = "1,2";
			};
			name = Release;
		};
/* End XCBuildConfiguration section */

/* Begin XCConfigurationList section */
		40A1C5AC2A59DA3A005D61A5 /* Build configuration list for PBXProject "Sample" */ = {
			isa = XCConfigurationList;
			buildConfigurations = (
				40A1C5BE2A59DA3B005D61A5 /* Debug */,
				40A1C5BF2A59DA3B005D61A5 /* Release */,
			);
			defaultConfigurationIsVisible = 0;
			defaultConfigurationName = Release;
		};
		40A1C6252A5A27AA005D61A5 /* Build configuration list for PBXNativeTarget "MultiplatformSample" */ = {
			isa = XCConfigurationList;
			buildConfigurations = (
				40A1C6262A5A27AA005D61A5 /* Debug */,
				40A1C6272A5A27AA005D61A5 /* Release */,
			);
			defaultConfigurationIsVisible = 0;
			defaultConfigurationName = Release;
		};
/* End XCConfigurationList section */

/* Begin XCSwiftPackageProductDependency section */
		405E38EA2A5B13C6003935AF /* TogglApi */ = {
			isa = XCSwiftPackageProductDependency;
			productName = TogglApi;
		};
		40A1C6282A5A27BA005D61A5 /* TiempoUI */ = {
			isa = XCSwiftPackageProductDependency;
			productName = TiempoUI;
		};
/* End XCSwiftPackageProductDependency section */
	};
	rootObject = 40A1C5A92A59DA3A005D61A5 /* Project object */;
}
